
Microsoft Visual Studio Solution File, Format Version 12.00
# Visual Studio Version 17
VisualStudioVersion = 17.1.32210.238
MinimumVisualStudioVersion = 10.0.40219.1
Project("{9A19103F-16F7-4668-BE54-9A1E7A4F7556}") = "MigoAPI", "MigoAPI\MigoAPI.csproj", "{D0767875-3C0C-4BFE-B936-B3BB13F8F201}"
EndProject
Project("{FAE04EC0-301F-11D3-BF4B-00C04F79EFBC}") = "Users.Tests", "Users.Tests\Users.Tests.csproj", "{910A523C-4281-43FC-871A-7403A65C0CE7}"
EndProject
Global
	GlobalSection(SolutionConfigurationPlatforms) = preSolution
		Debug|Any CPU = Debug|Any CPU
		Release|Any CPU = Release|Any CPU
	EndGlobalSection
	GlobalSection(ProjectConfigurationPlatforms) = postSolution
		{D0767875-3C0C-4BFE-B936-B3BB13F8F201}.Debug|Any CPU.ActiveCfg = Debug|Any CPU
		{D0767875-3C0C-4BFE-B936-B3BB13F8F201}.Debug|Any CPU.Build.0 = Debug|Any CPU
		{D0767875-3C0C-4BFE-B936-B3BB13F8F201}.Release|Any CPU.ActiveCfg = Release|Any CPU
		{D0767875-3C0C-4BFE-B936-B3BB13F8F201}.Release|Any CPU.Build.0 = Release|Any CPU
		{910A523C-4281-43FC-871A-7403A65C0CE7}.Debug|Any CPU.ActiveCfg = Debug|Any CPU
		{910A523C-4281-43FC-871A-7403A65C0CE7}.Debug|Any CPU.Build.0 = Debug|Any CPU
		{910A523C-4281-43FC-871A-7403A65C0CE7}.Release|Any CPU.ActiveCfg = Release|Any CPU
		{910A523C-4281-43FC-871A-7403A65C0CE7}.Release|Any CPU.Build.0 = Release|Any CPU
	EndGlobalSection
	GlobalSection(SolutionProperties) = preSolution
		HideSolutionNode = FALSE
	EndGlobalSection
	GlobalSection(ExtensibilityGlobals) = postSolution
		SolutionGuid = {58AB9E23-353B-4B34-8814-458956A6A7F6}
	EndGlobalSection
EndGlobal
